
Microsoft Visual Studio Solution File, Format Version 12.00
# Visual Studio Version 16
VisualStudioVersion = 16.0.32002.261
MinimumVisualStudioVersion = 10.0.40219.1
Project("{FAE04EC0-301F-11D3-BF4B-00C04F79EFBC}") = "UrunKatalogProjesi", "UrunKatalogProjesi.csproj", "{BE9C4A5D-3FEB-4D2E-9FCC-99137D792A8C}"
EndProject
Global
	GlobalSection(SolutionConfigurationPlatforms) = preSolution
		Debug|Any CPU = Debug|Any CPU
		Release|Any CPU = Release|Any CPU
	EndGlobalSection
	GlobalSection(ProjectConfigurationPlatforms) = postSolution
		{BE9C4A5D-3FEB-4D2E-9FCC-99137D792A8C}.Debug|Any CPU.ActiveCfg = Debug|Any CPU
		{BE9C4A5D-3FEB-4D2E-9FCC-99137D792A8C}.Debug|Any CPU.Build.0 = Debug|Any CPU
		{BE9C4A5D-3FEB-4D2E-9FCC-99137D792A8C}.Release|Any CPU.ActiveCfg = Release|Any CPU
		{BE9C4A5D-3FEB-4D2E-9FCC-99137D792A8C}.Release|Any CPU.Build.0 = Release|Any CPU
	EndGlobalSection
	GlobalSection(SolutionProperties) = preSolution
		HideSolutionNode = FALSE
	EndGlobalSection
	GlobalSection(ExtensibilityGlobals) = postSolution
		SolutionGuid = {FCD0ED9F-13B5-4548-B99B-1A81BB44F925}
	EndGlobalSection
EndGlobal
